
Microsoft Visual Studio Solution File, Format Version 12.00
Project("{FAE04EC0-301F-11D3-BF4B-00C04F79EFBC}") = "Edger.Client", "Edger.Client\Edger.Client.csproj", "{38CFAD52-F305-463E-84C3-7CC6E7A1F77F}"
EndProject
Project("{FAE04EC0-301F-11D3-BF4B-00C04F79EFBC}") = "Edger.Host", "Edger.Host\Edger.Host.csproj", "{BA1498BA-7A96-49FD-AB22-5BF9F71D7D64}"
EndProject
Global
	GlobalSection(SolutionConfigurationPlatforms) = preSolution
		Debug|Any CPU = Debug|Any CPU
		Release|Any CPU = Release|Any CPU
	EndGlobalSection
	GlobalSection(ProjectConfigurationPlatforms) = postSolution
		{38CFAD52-F305-463E-84C3-7CC6E7A1F77F}.Debug|Any CPU.ActiveCfg = Debug|Any CPU
		{38CFAD52-F305-463E-84C3-7CC6E7A1F77F}.Debug|Any CPU.Build.0 = Debug|Any CPU
		{38CFAD52-F305-463E-84C3-7CC6E7A1F77F}.Release|Any CPU.ActiveCfg = Release|Any CPU
		{38CFAD52-F305-463E-84C3-7CC6E7A1F77F}.Release|Any CPU.Build.0 = Release|Any CPU
		{BA1498BA-7A96-49FD-AB22-5BF9F71D7D64}.Debug|Any CPU.ActiveCfg = Debug|Any CPU
		{BA1498BA-7A96-49FD-AB22-5BF9F71D7D64}.Debug|Any CPU.Build.0 = Debug|Any CPU
		{BA1498BA-7A96-49FD-AB22-5BF9F71D7D64}.Release|Any CPU.ActiveCfg = Release|Any CPU
		{BA1498BA-7A96-49FD-AB22-5BF9F71D7D64}.Release|Any CPU.Build.0 = Release|Any CPU
	EndGlobalSection
EndGlobal
